Microsoft Visual Studio Solution File, Format Version 12.00
# Visual Studio Version 17
VisualStudioVersion = 17.5.2.0
MinimumVisualStudioVersion = 10.0.40219.1
Project("{FAE04EC0-301F-11D3-BF4B-00C04F79EFBC}") = "pefi.githublistener", "pefi.githublistener.csproj", "{C0CBDB35-A10E-C5BF-39B1-8E2EA876DFDC}"
EndProject
Global
	GlobalSection(SolutionConfigurationPlatforms) = preSolution
		Debug|Any CPU = Debug|Any CPU
		Release|Any CPU = Release|Any CPU
	EndGlobalSection
	GlobalSection(ProjectConfigurationPlatforms) = postSolution
		{C0CBDB35-A10E-C5BF-39B1-8E2EA876DFDC}.Debug|Any CPU.ActiveCfg = Debug|Any CPU
		{C0CBDB35-A10E-C5BF-39B1-8E2EA876DFDC}.Debug|Any CPU.Build.0 = Debug|Any CPU
		{C0CBDB35-A10E-C5BF-39B1-8E2EA876DFDC}.Release|Any CPU.ActiveCfg = Release|Any CPU
		{C0CBDB35-A10E-C5BF-39B1-8E2EA876DFDC}.Release|Any CPU.Build.0 = Release|Any CPU
	EndGlobalSection
	GlobalSection(SolutionProperties) = preSolution
		HideSolutionNode = FALSE
	EndGlobalSection
	GlobalSection(ExtensibilityGlobals) = postSolution
		SolutionGuid = {4546A12E-793A-4D9B-BD15-9D79B4DAA3BB}
	EndGlobalSection
EndGlobal
